
Microsoft Visual Studio Solution File, Format Version 12.00
# Visual Studio Version 16
VisualStudioVersion = 16.0.29215.179
MinimumVisualStudioVersion = 10.0.40219.1
Project("{FAE04EC0-301F-11D3-BF4B-00C04F79EFBC}") = "Tetris Clone", "Tetris Clone\Tetris Clone.csproj", "{5B975443-1093-4402-8FF7-33F92023425F}"
EndProject
Project("{FAE04EC0-301F-11D3-BF4B-00C04F79EFBC}") = "Tetris Forms UI", "Tetris Forms UI\Tetris Forms UI.csproj", "{C30085AC-02D3-4D20-BDDA-B4938A52783F}"
EndProject
Project("{2150E333-8FDC-42A3-9474-1A3956D46DE8}") = "UI", "UI", "{EEE35684-A7FE-4DC0-A613-475C60DC4DC2}"
EndProject
Project("{2150E333-8FDC-42A3-9474-1A3956D46DE8}") = "Game Engine", "Game Engine", "{473552A6-750B-4B61-B448-1AD6D7703E25}"
EndProject
Project("{2150E333-8FDC-42A3-9474-1A3956D46DE8}") = "AI", "AI", "{4DB6E99B-960E-42A5-A59D-53F0A4282314}"
EndProject
Project("{FAE04EC0-301F-11D3-BF4B-00C04F79EFBC}") = "TetrisBot", "TetrisBot\TetrisBot.csproj", "{1C4B2749-4196-4B70-862D-CA35C1B21A60}"
EndProject
Global
	GlobalSection(SolutionConfigurationPlatforms) = preSolution
		Debug|Any CPU = Debug|Any CPU
		Release|Any CPU = Release|Any CPU
	EndGlobalSection
	GlobalSection(ProjectConfigurationPlatforms) = postSolution
		{5B975443-1093-4402-8FF7-33F92023425F}.Debug|Any CPU.ActiveCfg = Debug|Any CPU
		{5B975443-1093-4402-8FF7-33F92023425F}.Debug|Any CPU.Build.0 = Debug|Any CPU
		{5B975443-1093-4402-8FF7-33F92023425F}.Release|Any CPU.ActiveCfg = Release|Any CPU
		{5B975443-1093-4402-8FF7-33F92023425F}.Release|Any CPU.Build.0 = Release|Any CPU
		{C30085AC-02D3-4D20-BDDA-B4938A52783F}.Debug|Any CPU.ActiveCfg = Debug|Any CPU
		{C30085AC-02D3-4D20-BDDA-B4938A52783F}.Debug|Any CPU.Build.0 = Debug|Any CPU
		{C30085AC-02D3-4D20-BDDA-B4938A52783F}.Release|Any CPU.ActiveCfg = Release|Any CPU
		{C30085AC-02D3-4D20-BDDA-B4938A52783F}.Release|Any CPU.Build.0 = Release|Any CPU
		{1C4B2749-4196-4B70-862D-CA35C1B21A60}.Debug|Any CPU.ActiveCfg = Debug|Any CPU
		{1C4B2749-4196-4B70-862D-CA35C1B21A60}.Debug|Any CPU.Build.0 = Debug|Any CPU
		{1C4B2749-4196-4B70-862D-CA35C1B21A60}.Release|Any CPU.ActiveCfg = Release|Any CPU
		{1C4B2749-4196-4B70-862D-CA35C1B21A60}.Release|Any CPU.Build.0 = Release|Any CPU
	EndGlobalSection
	GlobalSection(SolutionProperties) = preSolution
		HideSolutionNode = FALSE
	EndGlobalSection
	GlobalSection(NestedProjects) = preSolution
		{5B975443-1093-4402-8FF7-33F92023425F} = {473552A6-750B-4B61-B448-1AD6D7703E25}
		{C30085AC-02D3-4D20-BDDA-B4938A52783F} = {EEE35684-A7FE-4DC0-A613-475C60DC4DC2}
		{1C4B2749-4196-4B70-862D-CA35C1B21A60} = {4DB6E99B-960E-42A5-A59D-53F0A4282314}
	EndGlobalSection
	GlobalSection(ExtensibilityGlobals) = postSolution
		SolutionGuid = {7D9F9362-B66A-46DD-9BC3-D863F49929E7}
	EndGlobalSection
EndGlobal
